
Microsoft Visual Studio Solution File, Format Version 12.00
# Visual Studio Version 16
VisualStudioVersion = 16.0.29806.167
MinimumVisualStudioVersion = 10.0.40219.1
Project("{9A19103F-16F7-4668-BE54-9A1E7A4F7556}") = "AzureFunctionsLabs.BlobTrigger", "AzureFunctionsLabs.BlobTrigger\AzureFunctionsLabs.BlobTrigger.csproj", "{E5045222-9A81-4340-AB17-FD598D6EA233}"
EndProject
Project("{9A19103F-16F7-4668-BE54-9A1E7A4F7556}") = "AzureFunctionsLabs.CosmosDBTrigger", "AzureFunctionsLabs.CosmosDBTrigger\AzureFunctionsLabs.CosmosDBTrigger.csproj", "{AEECF97C-1426-45A2-BB34-476153EA5532}"
EndProject
Project("{FAE04EC0-301F-11D3-BF4B-00C04F79EFBC}") = "AzureFunctionsLabs.EventHubTrigger", "AzureFunctionsLabs.EventHubTrigger\AzureFunctionsLabs.EventHubTrigger.csproj", "{6C66FD7C-B1D5-4A1A-8131-9ADDCB63CCED}"
EndProject
Project("{FAE04EC0-301F-11D3-BF4B-00C04F79EFBC}") = "AzureFunctionsLabs.EventGridTrigger", "AzureFunctionsLabs.EventGridTrigger\AzureFunctionsLabs.EventGridTrigger.csproj", "{4A985F83-FC88-413B-8B06-60BF4B10CA17}"
EndProject
Project("{FAE04EC0-301F-11D3-BF4B-00C04F79EFBC}") = "AzureFunctionsLabs.HTTPTrigger", "AzureFunctionsLabs.HTTPTrigger\AzureFunctionsLabs.HTTPTrigger.csproj", "{ECCE3478-D056-4CBF-8FA4-1255C99A9394}"
EndProject
Global
	GlobalSection(SolutionConfigurationPlatforms) = preSolution
		Debug|Any CPU = Debug|Any CPU
		Release|Any CPU = Release|Any CPU
	EndGlobalSection
	GlobalSection(ProjectConfigurationPlatforms) = postSolution
		{E5045222-9A81-4340-AB17-FD598D6EA233}.Debug|Any CPU.ActiveCfg = Debug|Any CPU
		{E5045222-9A81-4340-AB17-FD598D6EA233}.Debug|Any CPU.Build.0 = Debug|Any CPU
		{E5045222-9A81-4340-AB17-FD598D6EA233}.Release|Any CPU.ActiveCfg = Release|Any CPU
		{E5045222-9A81-4340-AB17-FD598D6EA233}.Release|Any CPU.Build.0 = Release|Any CPU
		{AEECF97C-1426-45A2-BB34-476153EA5532}.Debug|Any CPU.ActiveCfg = Debug|Any CPU
		{AEECF97C-1426-45A2-BB34-476153EA5532}.Debug|Any CPU.Build.0 = Debug|Any CPU
		{AEECF97C-1426-45A2-BB34-476153EA5532}.Release|Any CPU.ActiveCfg = Release|Any CPU
		{AEECF97C-1426-45A2-BB34-476153EA5532}.Release|Any CPU.Build.0 = Release|Any CPU
		{6C66FD7C-B1D5-4A1A-8131-9ADDCB63CCED}.Debug|Any CPU.ActiveCfg = Debug|Any CPU
		{6C66FD7C-B1D5-4A1A-8131-9ADDCB63CCED}.Debug|Any CPU.Build.0 = Debug|Any CPU
		{6C66FD7C-B1D5-4A1A-8131-9ADDCB63CCED}.Release|Any CPU.ActiveCfg = Release|Any CPU
		{6C66FD7C-B1D5-4A1A-8131-9ADDCB63CCED}.Release|Any CPU.Build.0 = Release|Any CPU
		{4A985F83-FC88-413B-8B06-60BF4B10CA17}.Debug|Any CPU.ActiveCfg = Debug|Any CPU
		{4A985F83-FC88-413B-8B06-60BF4B10CA17}.Debug|Any CPU.Build.0 = Debug|Any CPU
		{4A985F83-FC88-413B-8B06-60BF4B10CA17}.Release|Any CPU.ActiveCfg = Release|Any CPU
		{4A985F83-FC88-413B-8B06-60BF4B10CA17}.Release|Any CPU.Build.0 = Release|Any CPU
		{ECCE3478-D056-4CBF-8FA4-1255C99A9394}.Debug|Any CPU.ActiveCfg = Debug|Any CPU
		{ECCE3478-D056-4CBF-8FA4-1255C99A9394}.Debug|Any CPU.Build.0 = Debug|Any CPU
		{ECCE3478-D056-4CBF-8FA4-1255C99A9394}.Release|Any CPU.ActiveCfg = Release|Any CPU
		{ECCE3478-D056-4CBF-8FA4-1255C99A9394}.Release|Any CPU.Build.0 = Release|Any CPU
	EndGlobalSection
	GlobalSection(SolutionProperties) = preSolution
		HideSolutionNode = FALSE
	EndGlobalSection
	GlobalSection(ExtensibilityGlobals) = postSolution
		SolutionGuid = {65DA0A86-ABC3-4EF7-AFF1-D6C617EBDD4B}
	EndGlobalSection
EndGlobal
