
Microsoft Visual Studio Solution File, Format Version 12.00
# Visual Studio 15
VisualStudioVersion = 15.0.28307.489
MinimumVisualStudioVersion = 10.0.40219.1
Project("{FAE04EC0-301F-11D3-BF4B-00C04F79EFBC}") = "AzureFunctionsLabs.BlobTrigger", "AzureFunctionsLabs.BlobTrigger\AzureFunctionsLabs.BlobTrigger.csproj", "{0F63A2CA-4486-4234-945A-75716DD85818}"
EndProject
Project("{FAE04EC0-301F-11D3-BF4B-00C04F79EFBC}") = "AzureFunctionsLabs.CosmosDBTrigger", "AzureFunctionsLabs.CosmosDBTrigger\AzureFunctionsLabs.CosmosDBTrigger.csproj", "{89B5CB72-D3E8-4521-BF1E-06A1639356C9}"
EndProject
Project("{FAE04EC0-301F-11D3-BF4B-00C04F79EFBC}") = "AzureFunctionsLabs.EventHubTrigger", "AzureFunctionsLabs.EventHubTrigger\AzureFunctionsLabs.EventHubTrigger.csproj", "{52E3001F-25D0-47BF-AAE1-F8522DD442E3}"
EndProject
Project("{FAE04EC0-301F-11D3-BF4B-00C04F79EFBC}") = "AzureFunctionsLabs.HTTPTrigger", "AzureFunctionsLabs.HTTPTrigger\AzureFunctionsLabs.HTTPTrigger.csproj", "{00B9D443-0003-4CBC-B53A-C43A79089E10}"
EndProject
Project("{FAE04EC0-301F-11D3-BF4B-00C04F79EFBC}") = "AzureFunctionsLabs.IoTHubTrigger", "AzureFunctionsLabs.IoTHubTrigger\AzureFunctionsLabs.IoTHubTrigger.csproj", "{62685D20-223A-4738-ADC1-4EDB6F7B5FA3}"
EndProject
Global
	GlobalSection(SolutionConfigurationPlatforms) = preSolution
		Debug|Any CPU = Debug|Any CPU
		Release|Any CPU = Release|Any CPU
	EndGlobalSection
	GlobalSection(ProjectConfigurationPlatforms) = postSolution
		{0F63A2CA-4486-4234-945A-75716DD85818}.Debug|Any CPU.ActiveCfg = Debug|Any CPU
		{0F63A2CA-4486-4234-945A-75716DD85818}.Debug|Any CPU.Build.0 = Debug|Any CPU
		{0F63A2CA-4486-4234-945A-75716DD85818}.Release|Any CPU.ActiveCfg = Release|Any CPU
		{0F63A2CA-4486-4234-945A-75716DD85818}.Release|Any CPU.Build.0 = Release|Any CPU
		{89B5CB72-D3E8-4521-BF1E-06A1639356C9}.Debug|Any CPU.ActiveCfg = Debug|Any CPU
		{89B5CB72-D3E8-4521-BF1E-06A1639356C9}.Debug|Any CPU.Build.0 = Debug|Any CPU
		{89B5CB72-D3E8-4521-BF1E-06A1639356C9}.Release|Any CPU.ActiveCfg = Release|Any CPU
		{89B5CB72-D3E8-4521-BF1E-06A1639356C9}.Release|Any CPU.Build.0 = Release|Any CPU
		{52E3001F-25D0-47BF-AAE1-F8522DD442E3}.Debug|Any CPU.ActiveCfg = Debug|Any CPU
		{52E3001F-25D0-47BF-AAE1-F8522DD442E3}.Debug|Any CPU.Build.0 = Debug|Any CPU
		{52E3001F-25D0-47BF-AAE1-F8522DD442E3}.Release|Any CPU.ActiveCfg = Release|Any CPU
		{52E3001F-25D0-47BF-AAE1-F8522DD442E3}.Release|Any CPU.Build.0 = Release|Any CPU
		{00B9D443-0003-4CBC-B53A-C43A79089E10}.Debug|Any CPU.ActiveCfg = Debug|Any CPU
		{00B9D443-0003-4CBC-B53A-C43A79089E10}.Debug|Any CPU.Build.0 = Debug|Any CPU
		{00B9D443-0003-4CBC-B53A-C43A79089E10}.Release|Any CPU.ActiveCfg = Release|Any CPU
		{00B9D443-0003-4CBC-B53A-C43A79089E10}.Release|Any CPU.Build.0 = Release|Any CPU
		{62685D20-223A-4738-ADC1-4EDB6F7B5FA3}.Debug|Any CPU.ActiveCfg = Debug|Any CPU
		{62685D20-223A-4738-ADC1-4EDB6F7B5FA3}.Debug|Any CPU.Build.0 = Debug|Any CPU
		{62685D20-223A-4738-ADC1-4EDB6F7B5FA3}.Release|Any CPU.ActiveCfg = Release|Any CPU
		{62685D20-223A-4738-ADC1-4EDB6F7B5FA3}.Release|Any CPU.Build.0 = Release|Any CPU
	EndGlobalSection
	GlobalSection(SolutionProperties) = preSolution
		HideSolutionNode = FALSE
	EndGlobalSection
	GlobalSection(ExtensibilityGlobals) = postSolution
		SolutionGuid = {BF2249AA-DB55-4A84-8D69-8F3976E7EDE7}
	EndGlobalSection
EndGlobal
